// !$*UTF8*$!
{
	archiveVersion = 1;
	classes = {
	};
	objectVersion = 50;
	objects = {

/* Begin PBXBuildFile section */
		043CA9582345BDC00073C1ED /* AdapterPattern.swift in Sources */ = {isa = PBXBuildFile; fileRef = 043CA9572345BDC00073C1ED /* AdapterPattern.swift */; };
		043CA95A23461A280073C1ED /* FacadePattern.swift in Sources */ = {isa = PBXBuildFile; fileRef = 043CA95923461A280073C1ED /* FacadePattern.swift */; };
		043DADC02341C1D100137FCA /* CompositePattern.swift in Sources */ = {isa = PBXBuildFile; fileRef = 043DADBF2341C1D100137FCA /* CompositePattern.swift */; };
		043DADC2234202DA00137FCA /* SingletonPattern.swift in Sources */ = {isa = PBXBuildFile; fileRef = 043DADC1234202DA00137FCA /* SingletonPattern.swift */; };
		043DADC42342232100137FCA /* AbstractFactoryPattern.swift in Sources */ = {isa = PBXBuildFile; fileRef = 043DADC32342232100137FCA /* AbstractFactoryPattern.swift */; };
		04718143234316B600982A7D /* CommandPattern.swift in Sources */ = {isa = PBXBuildFile; fileRef = 04718142234316B600982A7D /* CommandPattern.swift */; };
		0B304B5B204E8D26003EB6FD /* main.swift in Sources */ = {isa = PBXBuildFile; fileRef = 0B304B5A204E8D26003EB6FD /* main.swift */; };
		0B304B62204E8D99003EB6FD /* StrategyPattern.swift in Sources */ = {isa = PBXBuildFile; fileRef = 0B304B61204E8D99003EB6FD /* StrategyPattern.swift */; };
		0B304B64204E920E003EB6FD /* ObserverPattern.swift in Sources */ = {isa = PBXBuildFile; fileRef = 0B304B63204E920E003EB6FD /* ObserverPattern.swift */; };
		0B304B66204E9A95003EB6FD /* DecoratorPattern.swift in Sources */ = {isa = PBXBuildFile; fileRef = 0B304B65204E9A95003EB6FD /* DecoratorPattern.swift */; };
		0B9DBC5D2057DFF300D07998 /* FactoryMethodPattern.swift in Sources */ = {isa = PBXBuildFile; fileRef = 0B9DBC5C2057DFF300D07998 /* FactoryMethodPattern.swift */; };
/* End PBXBuildFile section */

/* Begin PBXCopyFilesBuildPhase section */
		0B304B55204E8D26003EB6FD /* CopyFiles */ = {
			isa = PBXCopyFilesBuildPhase;
			buildActionMask = 2147483647;
			dstPath = /usr/share/man/man1/;
			dstSubfolderSpec = 0;
			files = (
			);
			runOnlyForDeploymentPostprocessing = 1;
		};
/* End PBXCopyFilesBuildPhase section */

/* Begin PBXFileReference section */
		043CA9572345BDC00073C1ED /* AdapterPattern.swift */ = {isa = PBXFileReference; lastKnownFileType = sourcecode.swift; path = AdapterPattern.swift; sourceTree = "<group>"; };
		043CA95923461A280073C1ED /* FacadePattern.swift */ = {isa = PBXFileReference; lastKnownFileType = sourcecode.swift; path = FacadePattern.swift; sourceTree = "<group>"; };
		043DADBF2341C1D100137FCA /* CompositePattern.swift */ = {isa = PBXFileReference; lastKnownFileType = sourcecode.swift; path = CompositePattern.swift; sourceTree = "<group>"; };
		043DADC1234202DA00137FCA /* SingletonPattern.swift */ = {isa = PBXFileReference; lastKnownFileType = sourcecode.swift; path = SingletonPattern.swift; sourceTree = "<group>"; };
		043DADC32342232100137FCA /* AbstractFactoryPattern.swift */ = {isa = PBXFileReference; lastKnownFileType = sourcecode.swift; path = AbstractFactoryPattern.swift; sourceTree = "<group>"; };
		04718142234316B600982A7D /* CommandPattern.swift */ = {isa = PBXFileReference; lastKnownFileType = sourcecode.swift; path = CommandPattern.swift; sourceTree = "<group>"; };
		0B304B57204E8D26003EB6FD /* design_patterns */ = {isa = PBXFileReference; explicitFileType = "compiled.mach-o.executable"; includeInIndex = 0; path = design_patterns; sourceTree = BUILT_PRODUCTS_DIR; };
		0B304B5A204E8D26003EB6FD /* main.swift */ = {isa = PBXFileReference; lastKnownFileType = sourcecode.swift; path = main.swift; sourceTree = "<group>"; };
		0B304B61204E8D99003EB6FD /* StrategyPattern.swift */ = {isa = PBXFileReference; lastKnownFileType = sourcecode.swift; path = StrategyPattern.swift; sourceTree = "<group>"; };
		0B304B63204E920E003EB6FD /* ObserverPattern.swift */ = {isa = PBXFileReference; lastKnownFileType = sourcecode.swift; path = ObserverPattern.swift; sourceTree = "<group>"; };
		0B304B65204E9A95003EB6FD /* DecoratorPattern.swift */ = {isa = PBXFileReference; lastKnownFileType = sourcecode.swift; path = DecoratorPattern.swift; sourceTree = "<group>"; };
		0B9DBC5C2057DFF300D07998 /* FactoryMethodPattern.swift */ = {isa = PBXFileReference; lastKnownFileType = sourcecode.swift; path = FactoryMethodPattern.swift; sourceTree = "<group>"; };
/* End PBXFileReference section */

/* Begin PBXFrameworksBuildPhase section */
		0B304B54204E8D26003EB6FD /* Frameworks */ = {
			isa = PBXFrameworksBuildPhase;
			buildActionMask = 2147483647;
			files = (
			);
			runOnlyForDeploymentPostprocessing = 0;
		};
/* End PBXFrameworksBuildPhase section */

/* Begin PBXGroup section */
		0B304B4E204E8D25003EB6FD = {
			isa = PBXGroup;
			children = (
				0B304B59204E8D26003EB6FD /* design_patterns */,
				0B304B58204E8D26003EB6FD /* Products */,
			);
			sourceTree = "<group>";
		};
		0B304B58204E8D26003EB6FD /* Products */ = {
			isa = PBXGroup;
			children = (
				0B304B57204E8D26003EB6FD /* design_patterns */,
			);
			name = Products;
			sourceTree = "<group>";
		};
		0B304B59204E8D26003EB6FD /* design_patterns */ = {
			isa = PBXGroup;
			children = (
				0B304B5A204E8D26003EB6FD /* main.swift */,
				0B304B61204E8D99003EB6FD /* StrategyPattern.swift */,
				0B304B63204E920E003EB6FD /* ObserverPattern.swift */,
				0B304B65204E9A95003EB6FD /* DecoratorPattern.swift */,
				0B9DBC5C2057DFF300D07998 /* FactoryMethodPattern.swift */,
				043DADBF2341C1D100137FCA /* CompositePattern.swift */,
				043DADC1234202DA00137FCA /* SingletonPattern.swift */,
				043DADC32342232100137FCA /* AbstractFactoryPattern.swift */,
				04718142234316B600982A7D /* CommandPattern.swift */,
				043CA9572345BDC00073C1ED /* AdapterPattern.swift */,
				043CA95923461A280073C1ED /* FacadePattern.swift */,
			);
			path = design_patterns;
			sourceTree = "<group>";
		};
/* End PBXGroup section */

/* Begin PBXNativeTarget section */
		0B304B56204E8D26003EB6FD /* design_patterns */ = {
			isa = PBXNativeTarget;
			buildConfigurationList = 0B304B5E204E8D26003EB6FD /* Build configuration list for PBXNativeTarget "design_patterns" */;
			buildPhases = (
				0B304B53204E8D26003EB6FD /* Sources */,
				0B304B54204E8D26003EB6FD /* Frameworks */,
				0B304B55204E8D26003EB6FD /* CopyFiles */,
			);
			buildRules = (
			);
			dependencies = (
			);
			name = design_patterns;
			productName = design_patterns;
			productReference = 0B304B57204E8D26003EB6FD /* design_patterns */;
			productType = "com.apple.product-type.tool";
		};
/* End PBXNativeTarget section */

/* Begin PBXProject section */
		0B304B4F204E8D25003EB6FD /* Project object */ = {
			isa = PBXProject;
			attributes = {
				LastSwiftUpdateCheck = 0930;
				LastUpgradeCheck = 0930;
				ORGANIZATIONNAME = VRLab;
				TargetAttributes = {
					0B304B56204E8D26003EB6FD = {
						CreatedOnToolsVersion = 9.3;
					};
				};
			};
			buildConfigurationList = 0B304B52204E8D25003EB6FD /* Build configuration list for PBXProject "design_patterns" */;
			compatibilityVersion = "Xcode 9.3";
			developmentRegion = en;
			hasScannedForEncodings = 0;
			knownRegions = (
				en,
			);
			mainGroup = 0B304B4E204E8D25003EB6FD;
			productRefGroup = 0B304B58204E8D26003EB6FD /* Products */;
			projectDirPath = "";
			projectRoot = "";
			targets = (
				0B304B56204E8D26003EB6FD /* design_patterns */,
			);
		};
/* End PBXProject section */

/* Begin PBXSourcesBuildPhase section */
		0B304B53204E8D26003EB6FD /* Sources */ = {
			isa = PBXSourcesBuildPhase;
			buildActionMask = 2147483647;
			files = (
				043CA95A23461A280073C1ED /* FacadePattern.swift in Sources */,
				0B304B64204E920E003EB6FD /* ObserverPattern.swift in Sources */,
				043DADC42342232100137FCA /* AbstractFactoryPattern.swift in Sources */,
				0B9DBC5D2057DFF300D07998 /* FactoryMethodPattern.swift in Sources */,
				0B304B5B204E8D26003EB6FD /* main.swift in Sources */,
				043CA9582345BDC00073C1ED /* AdapterPattern.swift in Sources */,
				0B304B66204E9A95003EB6FD /* DecoratorPattern.swift in Sources */,
				04718143234316B600982A7D /* CommandPattern.swift in Sources */,
				043DADC02341C1D100137FCA /* CompositePattern.swift in Sources */,
				043DADC2234202DA00137FCA /* SingletonPattern.swift in Sources */,
				0B304B62204E8D99003EB6FD /* StrategyPattern.swift in Sources */,
			);
			runOnlyForDeploymentPostprocessing = 0;
		};
/* End PBXSourcesBuildPhase section */

/* Begin XCBuildConfiguration section */
		0B304B5C204E8D26003EB6FD /* Debug */ = {
			isa = XCBuildConfiguration;
			buildSettings = {
				ALWAYS_SEARCH_USER_PATHS = NO;
				CLANG_ANALYZER_NONNULL = YES;
				CLANG_ANALYZER_NUMBER_OBJECT_CONVERSION = YES_AGGRESSIVE;
				CLANG_CXX_LANGUAGE_STANDARD = "gnu++14";
				CLANG_CXX_LIBRARY = "libc++";
				CLANG_ENABLE_MODULES = YES;
				CLANG_ENABLE_OBJC_ARC = YES;
				CLANG_ENABLE_OBJC_WEAK = YES;
				CLANG_WARN_BLOCK_CAPTURE_AUTORELEASING = YES;
				CLANG_WARN_BOOL_CONVERSION = YES;
				CLANG_WARN_COMMA = YES;
				CLANG_WARN_CONSTANT_CONVERSION = YES;
				CLANG_WARN_DEPRECATED_OBJC_IMPLEMENTATIONS = YES;
				CLANG_WARN_DIRECT_OBJC_ISA_USAGE = YES_ERROR;
				CLANG_WARN_DOCUMENTATION_COMMENTS = YES;
				CLANG_WARN_EMPTY_BODY = YES;
				CLANG_WARN_ENUM_CONVERSION = YES;
				CLANG_WARN_INFINITE_RECURSION = YES;
				CLANG_WARN_INT_CONVERSION = YES;
				CLANG_WARN_NON_LITERAL_NULL_CONVERSION = YES;
				CLANG_WARN_OBJC_IMPLICIT_RETAIN_SELF = YES;
				CLANG_WARN_OBJC_LITERAL_CONVERSION = YES;
				CLANG_WARN_OBJC_ROOT_CLASS = YES_ERROR;
				CLANG_WARN_RANGE_LOOP_ANALYSIS = YES;
				CLANG_WARN_STRICT_PROTOTYPES = YES;
				CLANG_WARN_SUSPICIOUS_MOVE = YES;
				CLANG_WARN_UNGUARDED_AVAILABILITY = YES_AGGRESSIVE;
				CLANG_WARN_UNREACHABLE_CODE = YES;
				CLANG_WARN__DUPLICATE_METHOD_MATCH = YES;
				CODE_SIGN_IDENTITY = "Mac Developer";
				COPY_PHASE_STRIP = NO;
				DEBUG_INFORMATION_FORMAT = dwarf;
				ENABLE_STRICT_OBJC_MSGSEND = YES;
				ENABLE_TESTABILITY = YES;
				GCC_C_LANGUAGE_STANDARD = gnu11;
				GCC_DYNAMIC_NO_PIC = NO;
				GCC_NO_COMMON_BLOCKS = YES;
				GCC_OPTIMIZATION_LEVEL = 0;
				GCC_PREPROCESSOR_DEFINITIONS = (
					"DEBUG=1",
					"$(inherited)",
				);
				GCC_WARN_64_TO_32_BIT_CONVERSION = YES;
				GCC_WARN_ABOUT_RETURN_TYPE = YES_ERROR;
				GCC_WARN_UNDECLARED_SELECTOR = YES;
				GCC_WARN_UNINITIALIZED_AUTOS = YES_AGGRESSIVE;
				GCC_WARN_UNUSED_FUNCTION = YES;
				GCC_WARN_UNUSED_VARIABLE = YES;
				MACOSX_DEPLOYMENT_TARGET = 10.13;
				MTL_ENABLE_DEBUG_INFO = YES;
				ONLY_ACTIVE_ARCH = YES;
				SDKROOT = macosx;
				SWIFT_ACTIVE_COMPILATION_CONDITIONS = DEBUG;
				SWIFT_OPTIMIZATION_LEVEL = "-Onone";
			};
			name = Debug;
		};
		0B304B5D204E8D26003EB6FD /* Release */ = {
			isa = XCBuildConfiguration;
			buildSettings = {
				ALWAYS_SEARCH_USER_PATHS = NO;
				CLANG_ANALYZER_NONNULL = YES;
				CLANG_ANALYZER_NUMBER_OBJECT_CONVERSION = YES_AGGRESSIVE;
				CLANG_CXX_LANGUAGE_STANDARD = "gnu++14";
				CLANG_CXX_LIBRARY = "libc++";
				CLANG_ENABLE_MODULES = YES;
				CLANG_ENABLE_OBJC_ARC = YES;
				CLANG_ENABLE_OBJC_WEAK = YES;
				CLANG_WARN_BLOCK_CAPTURE_AUTORELEASING = YES;
				CLANG_WARN_BOOL_CONVERSION = YES;
				CLANG_WARN_COMMA = YES;
				CLANG_WARN_CONSTANT_CONVERSION = YES;
				CLANG_WARN_DEPRECATED_OBJC_IMPLEMENTATIONS = YES;
				CLANG_WARN_DIRECT_OBJC_ISA_USAGE = YES_ERROR;
				CLANG_WARN_DOCUMENTATION_COMMENTS = YES;
				CLANG_WARN_EMPTY_BODY = YES;
				CLANG_WARN_ENUM_CONVERSION = YES;
				CLANG_WARN_INFINITE_RECURSION = YES;
				CLANG_WARN_INT_CONVERSION = YES;
				CLANG_WARN_NON_LITERAL_NULL_CONVERSION = YES;
				CLANG_WARN_OBJC_IMPLICIT_RETAIN_SELF = YES;
				CLANG_WARN_OBJC_LITERAL_CONVERSION = YES;
				CLANG_WARN_OBJC_ROOT_CLASS = YES_ERROR;
				CLANG_WARN_RANGE_LOOP_ANALYSIS = YES;
				CLANG_WARN_STRICT_PROTOTYPES = YES;
				CLANG_WARN_SUSPICIOUS_MOVE = YES;
				CLANG_WARN_UNGUARDED_AVAILABILITY = YES_AGGRESSIVE;
				CLANG_WARN_UNREACHABLE_CODE = YES;
				CLANG_WARN__DUPLICATE_METHOD_MATCH = YES;
				CODE_SIGN_IDENTITY = "Mac Developer";
				COPY_PHASE_STRIP = NO;
				DEBUG_INFORMATION_FORMAT = "dwarf-with-dsym";
				ENABLE_NS_ASSERTIONS = NO;
				ENABLE_STRICT_OBJC_MSGSEND = YES;
				GCC_C_LANGUAGE_STANDARD = gnu11;
				GCC_NO_COMMON_BLOCKS = YES;
				GCC_WARN_64_TO_32_BIT_CONVERSION = YES;
				GCC_WARN_ABOUT_RETURN_TYPE = YES_ERROR;
				GCC_WARN_UNDECLARED_SELECTOR = YES;
				GCC_WARN_UNINITIALIZED_AUTOS = YES_AGGRESSIVE;
				GCC_WARN_UNUSED_FUNCTION = YES;
				GCC_WARN_UNUSED_VARIABLE = YES;
				MACOSX_DEPLOYMENT_TARGET = 10.13;
				MTL_ENABLE_DEBUG_INFO = NO;
				SDKROOT = macosx;
				SWIFT_OPTIMIZATION_LEVEL = "-Owholemodule";
			};
			name = Release;
		};
		0B304B5F204E8D26003EB6FD /* Debug */ = {
			isa = XCBuildConfiguration;
			buildSettings = {
				CODE_SIGN_STYLE = Automatic;
				DEVELOPMENT_TEAM = H3SJE9RGT5;
				PRODUCT_NAME = "$(TARGET_NAME)";
				SWIFT_VERSION = 4.0;
			};
			name = Debug;
		};
		0B304B60204E8D26003EB6FD /* Release */ = {
			isa = XCBuildConfiguration;
			buildSettings = {
				CODE_SIGN_STYLE = Automatic;
				DEVELOPMENT_TEAM = H3SJE9RGT5;
				PRODUCT_NAME = "$(TARGET_NAME)";
				SWIFT_VERSION = 4.0;
			};
			name = Release;
		};
/* End XCBuildConfiguration section */

/* Begin XCConfigurationList section */
		0B304B52204E8D25003EB6FD /* Build configuration list for PBXProject "design_patterns" */ = {
			isa = XCConfigurationList;
			buildConfigurations = (
				0B304B5C204E8D26003EB6FD /* Debug */,
				0B304B5D204E8D26003EB6FD /* Release */,
			);
			defaultConfigurationIsVisible = 0;
			defaultConfigurationName = Release;
		};
		0B304B5E204E8D26003EB6FD /* Build configuration list for PBXNativeTarget "design_patterns" */ = {
			isa = XCConfigurationList;
			buildConfigurations = (
				0B304B5F204E8D26003EB6FD /* Debug */,
				0B304B60204E8D26003EB6FD /* Release */,
			);
			defaultConfigurationIsVisible = 0;
			defaultConfigurationName = Release;
		};
/* End XCConfigurationList section */
	};
	rootObject = 0B304B4F204E8D25003EB6FD /* Project object */;
}
